
Microsoft Visual Studio Solution File, Format Version 11.00
# Visual Studio 2010
Project("{FAE04EC0-301F-11D3-BF4B-00C04F79EFBC}") = "AmxMobile.Phone7.SixBookmarks", "AmxMobile.Phone7.SixBookmarks\AmxMobile.Phone7.SixBookmarks.csproj", "{622830A9-1535-4A95-91A6-B2A8F20145EC}"
EndProject
Global
	GlobalSection(SourceCodeControl) = preSolution
		SccNumberOfProjects = 2
		SccLocalPath0 = .
		CanCheckoutShared = false
		SccProjectUniqueName1 = AmxMobile.Phone7.SixBookmarks\\AmxMobile.Phone7.SixBookmarks.csproj
		SccLocalPath1 = .
		CanCheckoutShared = false
		SccProjectFilePathRelativizedFromConnection1 = AmxMobile.Phone7.SixBookmarks\\
	EndGlobalSection
	GlobalSection(SolutionConfigurationPlatforms) = preSolution
		Debug|Any CPU = Debug|Any CPU
		Release|Any CPU = Release|Any CPU
	EndGlobalSection
	GlobalSection(ProjectConfigurationPlatforms) = postSolution
		{622830A9-1535-4A95-91A6-B2A8F20145EC}.Debug|Any CPU.ActiveCfg = Debug|Any CPU
		{622830A9-1535-4A95-91A6-B2A8F20145EC}.Debug|Any CPU.Build.0 = Debug|Any CPU
		{622830A9-1535-4A95-91A6-B2A8F20145EC}.Debug|Any CPU.Deploy.0 = Debug|Any CPU
		{622830A9-1535-4A95-91A6-B2A8F20145EC}.Release|Any CPU.ActiveCfg = Release|Any CPU
		{622830A9-1535-4A95-91A6-B2A8F20145EC}.Release|Any CPU.Build.0 = Release|Any CPU
		{622830A9-1535-4A95-91A6-B2A8F20145EC}.Release|Any CPU.Deploy.0 = Release|Any CPU
	EndGlobalSection
	GlobalSection(SolutionProperties) = preSolution
		HideSolutionNode = FALSE
	EndGlobalSection
EndGlobal
